<?xml version="1.0" encoding="utf-8"?>
<Project ToolsVersion="4.0" xmlns="http://schemas.microsoft.com/developer/msbuild/2003">
  <ItemGroup>
    <ClCompile Include="DE2_Driver.cpp" />
    <ClCompile Include="Log.cpp" />
    <ClCompile Include="PC_Control.cpp" />
    <ClCompile Include="Serial.cpp" />
    <ClCompile Include="Source.cpp" />
    <ClCompile Include="Source1.cpp" />
    <ClCompile Include="TimeInterval.cpp" />
    <ClCompile Include="Time_class.cpp" />
    <ClCompile Include="User_Interface.cpp" />
    <ClCompile Include="GUIout.cpp" />
  </ItemGroup>
  <ItemGroup>
    <ClInclude Include="DE2_Driver.h" />
    <ClInclude Include="Log.h" />
    <ClInclude Include="PC_Control.h" />
    <ClInclude Include="Serial.h" />
    <ClInclude Include="TimeInterval.h" />
    <ClInclude Include="Time_class.h" />
    <ClInclude Include="User_Interface.h" />
    <ClInclude Include="GUIout.h" />
  </ItemGroup>
</Project>