<?xml version="1.0" encoding="utf-8"?>
<Project ToolsVersion="4.0" xmlns="http://schemas.microsoft.com/developer/msbuild/2003">
  <ItemGroup>
    <ClCompile Include="DE2_Driver.cpp">
      <Filter>Source</Filter>
    </ClCompile>
    <ClCompile Include="GUIout.cpp">
      <Filter>Source</Filter>
    </ClCompile>
    <ClCompile Include="Log.cpp">
      <Filter>Source</Filter>
    </ClCompile>
    <ClCompile Include="PC_Control.cpp">
      <Filter>Source</Filter>
    </ClCompile>
    <ClCompile Include="Serial.cpp">
      <Filter>Source</Filter>
    </ClCompile>
    <ClCompile Include="Source.cpp">
      <Filter>Source</Filter>
    </ClCompile>
    <ClCompile Include="Source1.cpp">
      <Filter>Source</Filter>
    </ClCompile>
    <ClCompile Include="Time_class.cpp">
      <Filter>Source</Filter>
    </ClCompile>
    <ClCompile Include="TimeInterval.cpp">
      <Filter>Source</Filter>
    </ClCompile>
    <ClCompile Include="User_Interface.cpp">
      <Filter>Source</Filter>
    </ClCompile>
  </ItemGroup>
  <ItemGroup>
    <ClInclude Include="DE2_Driver.h">
      <Filter>Header filer</Filter>
    </ClInclude>
    <ClInclude Include="GUIout.h">
      <Filter>Header filer</Filter>
    </ClInclude>
    <ClInclude Include="Log.h">
      <Filter>Header filer</Filter>
    </ClInclude>
    <ClInclude Include="PC_Control.h">
      <Filter>Header filer</Filter>
    </ClInclude>
    <ClInclude Include="Serial.h">
      <Filter>Header filer</Filter>
    </ClInclude>
    <ClInclude Include="Time_class.h">
      <Filter>Header filer</Filter>
    </ClInclude>
    <ClInclude Include="TimeInterval.h">
      <Filter>Header filer</Filter>
    </ClInclude>
    <ClInclude Include="User_Interface.h">
      <Filter>Header filer</Filter>
    </ClInclude>
  </ItemGroup>
  <ItemGroup>
    <Filter Include="Header filer">
      <UniqueIdentifier>{3b06034c-34bf-4a03-b605-56f491c43fb5}</UniqueIdentifier>
    </Filter>
    <Filter Include="Source">
      <UniqueIdentifier>{df3f0866-9085-4464-9efa-25064fe811d9}</UniqueIdentifier>
    </Filter>
  </ItemGroup>
</Project>